// !$*UTF8*$!
{
	archiveVersion = 1;
	classes = {
	};
	objectVersion = 45;
	objects = {

/* Begin PBXBuildFile section */
		3109828108102A5300C56A62 /* MHKArchive.m in Sources */ = {isa = PBXBuildFile; fileRef = 3109828008102A5300C56A62 /* MHKArchive.m */; };
		311B87E808773EDD00103E36 /* MHKArchiveBitmapAdditions.m in Sources */ = {isa = PBXBuildFile; fileRef = 311B87E708773EDD00103E36 /* MHKArchiveBitmapAdditions.m */; };
		311C1187080840F900F4E3C0 /* mohawk_core.h in Headers */ = {isa = PBXBuildFile; fileRef = 311C1185080840F900F4E3C0 /* mohawk_core.h */; settings = {ATTRIBUTES = (Public, ); }; };
		311C118F0808424500F4E3C0 /* MHKKit.h in Headers */ = {isa = PBXBuildFile; fileRef = 311C118E0808424500F4E3C0 /* MHKKit.h */; settings = {ATTRIBUTES = (Public, ); }; };
		311C11D40808499200F4E3C0 /* MHKArchive.h in Headers */ = {isa = PBXBuildFile; fileRef = 311C11D30808499200F4E3C0 /* MHKArchive.h */; settings = {ATTRIBUTES = (Public, ); }; };
		311C11DE08084AFF00F4E3C0 /* Foundation.framework in Frameworks */ = {isa = PBXBuildFile; fileRef = 311C11DD08084AFF00F4E3C0 /* Foundation.framework */; };
		312C368E08A7EE750019C15C /* Foundation.framework in Frameworks */ = {isa = PBXBuildFile; fileRef = 311C11DD08084AFF00F4E3C0 /* Foundation.framework */; };
		312C36D708A7F4250019C15C /* ApplicationServices.framework in Frameworks */ = {isa = PBXBuildFile; fileRef = 31FC47B60883928A00764A76 /* ApplicationServices.framework */; };
		312ED37A08822B8D00BD399A /* MHKAudioDecompression.h in Headers */ = {isa = PBXBuildFile; fileRef = 312ED37808822B8D00BD399A /* MHKAudioDecompression.h */; settings = {ATTRIBUTES = (Public, ); }; };
		3136973E087C856800DF43D1 /* MHKKit.framework in Frameworks */ = {isa = PBXBuildFile; fileRef = 8DC2EF5B0486A6940098B216 /* MHKKit.framework */; };
		313E30DF086B180E00B52051 /* MHKArchiveQuickTimeAdditions.m in Sources */ = {isa = PBXBuildFile; fileRef = 313E30DD086B180E00B52051 /* MHKArchiveQuickTimeAdditions.m */; };
		313E3146086B1EF100B52051 /* QuickTime.framework in Frameworks */ = {isa = PBXBuildFile; fileRef = 31F56FB4080975A6006F1151 /* QuickTime.framework */; };
		313E32A3086B265500B52051 /* PHSErrorMacros.h in Headers */ = {isa = PBXBuildFile; fileRef = 313E32A2086B265400B52051 /* PHSErrorMacros.h */; settings = {ATTRIBUTES = (); }; };
		313E32C5086B2B8A00B52051 /* MHKErrors.h in Headers */ = {isa = PBXBuildFile; fileRef = 313E32C4086B2B8A00B52051 /* MHKErrors.h */; settings = {ATTRIBUTES = (Public, ); }; };
		313E32CB086B2BBC00B52051 /* MHKErrors.m in Sources */ = {isa = PBXBuildFile; fileRef = 313E32CA086B2BBC00B52051 /* MHKErrors.m */; };
		31423BC908660D1400E2309B /* mhk_dump.m in Sources */ = {isa = PBXBuildFile; fileRef = 31423BC808660D1400E2309B /* mhk_dump.m */; };
		31423BCD08660D3900E2309B /* CoreFoundation.framework in Frameworks */ = {isa = PBXBuildFile; fileRef = 31F3FF8C080840660013F427 /* CoreFoundation.framework */; };
		31423BD008660D4200E2309B /* MHKKit.framework in Frameworks */ = {isa = PBXBuildFile; fileRef = 8DC2EF5B0486A6940098B216 /* MHKKit.framework */; };
		31423C0A0866159A00E2309B /* mohawk_core.c in Sources */ = {isa = PBXBuildFile; fileRef = 31423C090866159A00E2309B /* mohawk_core.c */; };
		31423C8808664AD900E2309B /* MHKKit.framework in CopyFiles */ = {isa = PBXBuildFile; fileRef = 8DC2EF5B0486A6940098B216 /* MHKKit.framework */; };
		314749B10894483A009F5F23 /* Accelerate.framework in Frameworks */ = {isa = PBXBuildFile; fileRef = 314749B00894483A009F5F23 /* Accelerate.framework */; };
		3147C539087A0A0100F8B81A /* MHKFileHandle.h in Headers */ = {isa = PBXBuildFile; fileRef = 3147C537087A0A0100F8B81A /* MHKFileHandle.h */; settings = {ATTRIBUTES = (Public, ); }; };
		3147C53A087A0A0100F8B81A /* MHKFileHandle.m in Sources */ = {isa = PBXBuildFile; fileRef = 3147C538087A0A0100F8B81A /* MHKFileHandle.m */; };
		314EF19809E44E8E002124D5 /* mohawk_bitmap.c in Sources */ = {isa = PBXBuildFile; fileRef = 314EF19709E44E8E002124D5 /* mohawk_bitmap.c */; };
		31556AEF0A1FB4D600EFC426 /* mhk_dump_cmd.c in Sources */ = {isa = PBXBuildFile; fileRef = 31556AED0A1FB4D600EFC426 /* mhk_dump_cmd.c */; };
		3159BE9608A6B8820073DA71 /* AudioToolbox.framework in Frameworks */ = {isa = PBXBuildFile; fileRef = 3196321E086CFE3A005A7699 /* AudioToolbox.framework */; };
		3162F459087BA00A0030CE8D /* MHKMP2Decompressor.h in Headers */ = {isa = PBXBuildFile; fileRef = 3162F457087BA00A0030CE8D /* MHKMP2Decompressor.h */; settings = {ATTRIBUTES = (Private, ); }; };
		3162F45A087BA00A0030CE8D /* MHKMP2Decompressor.m in Sources */ = {isa = PBXBuildFile; fileRef = 3162F458087BA00A0030CE8D /* MHKMP2Decompressor.m */; };
		317A340409E9D8C2008E2459 /* mhk_mp2_analyse.m in Sources */ = {isa = PBXBuildFile; fileRef = 317A340309E9D8C2008E2459 /* mhk_mp2_analyse.m */; };
		317A341B09E9D8EA008E2459 /* Foundation.framework in Frameworks */ = {isa = PBXBuildFile; fileRef = 311C11DD08084AFF00F4E3C0 /* Foundation.framework */; };
		319631C8086CF4B6005A7699 /* MHKADPCMDecompressor.h in Headers */ = {isa = PBXBuildFile; fileRef = 319631C6086CF4B6005A7699 /* MHKADPCMDecompressor.h */; settings = {ATTRIBUTES = (Private, ); }; };
		319631C9086CF4B6005A7699 /* MHKADPCMDecompressor.m in Sources */ = {isa = PBXBuildFile; fileRef = 319631C7086CF4B6005A7699 /* MHKADPCMDecompressor.m */; };
		3197D58C08BD8BAF00865430 /* CoreFoundation.framework in Frameworks */ = {isa = PBXBuildFile; fileRef = 31F3FF8C080840660013F427 /* CoreFoundation.framework */; };
		3197D58D08BD8BAF00865430 /* MHKKit.framework in Frameworks */ = {isa = PBXBuildFile; fileRef = 8DC2EF5B0486A6940098B216 /* MHKKit.framework */; };
		3197D58E08BD8BAF00865430 /* AudioToolbox.framework in Frameworks */ = {isa = PBXBuildFile; fileRef = 3196321E086CFE3A005A7699 /* AudioToolbox.framework */; };
		3197D58F08BD8BAF00865430 /* Foundation.framework in Frameworks */ = {isa = PBXBuildFile; fileRef = 311C11DD08084AFF00F4E3C0 /* Foundation.framework */; };
		3197D59008BD8BAF00865430 /* ApplicationServices.framework in Frameworks */ = {isa = PBXBuildFile; fileRef = 31FC47B60883928A00764A76 /* ApplicationServices.framework */; };
		3197D5AB08BD8BD700865430 /* mhk_ls.m in Sources */ = {isa = PBXBuildFile; fileRef = 3197D57208BD8A9700865430 /* mhk_ls.m */; };
		31D8680E086DEDA000D75850 /* MHKArchiveWAVAdditions.m in Sources */ = {isa = PBXBuildFile; fileRef = 31D8680D086DEDA000D75850 /* MHKArchiveWAVAdditions.m */; };
		31D86841086E00F000D75850 /* mohawk_wave.h in Headers */ = {isa = PBXBuildFile; fileRef = 31D86840086E00F000D75850 /* mohawk_wave.h */; settings = {ATTRIBUTES = (Public, ); }; };
		31E0CC9208A2C5530062BCFC /* CoreAudio.framework in Frameworks */ = {isa = PBXBuildFile; fileRef = 31963265086D014D005A7699 /* CoreAudio.framework */; };
		31E68DD50981BD990069858E /* README in copy_ffmpeg_license */ = {isa = PBXBuildFile; fileRef = 31E68DD30981BD700069858E /* README */; };
		31E68DD60981BD9C0069858E /* COPYING in copy_ffmpeg_license */ = {isa = PBXBuildFile; fileRef = 31E68DD10981BD680069858E /* COPYING */; };
		31EE5FE40892F7330042767E /* mohawk_bitmap.h in Headers */ = {isa = PBXBuildFile; fileRef = 31EE5FE30892F7330042767E /* mohawk_bitmap.h */; settings = {ATTRIBUTES = (Public, ); }; };
		31F3FF8D080840660013F427 /* CoreFoundation.framework in Frameworks */ = {isa = PBXBuildFile; fileRef = 31F3FF8C080840660013F427 /* CoreFoundation.framework */; };
		31F56DBA0808CFA4006F1151 /* Cocoa.framework in Frameworks */ = {isa = PBXBuildFile; fileRef = 31F56DB90808CFA4006F1151 /* Cocoa.framework */; };
		31F56DBD0808CFA9006F1151 /* QTKit.framework in Frameworks */ = {isa = PBXBuildFile; fileRef = 31F56DAB0808CF56006F1151 /* QTKit.framework */; };
		31F56DD10808D02C006F1151 /* MainMenu.nib in Resources */ = {isa = PBXBuildFile; fileRef = 31F56DCF0808D02C006F1151 /* MainMenu.nib */; };
		31F56DE30808D073006F1151 /* MHKQTPlayerController.m in Sources */ = {isa = PBXBuildFile; fileRef = 31F56DE20808D073006F1151 /* MHKQTPlayerController.m */; };
		31F56E550808DC71006F1151 /* main.m in Sources */ = {isa = PBXBuildFile; fileRef = 31F56E540808DC71006F1151 /* main.m */; };
		31F56FB5080975A6006F1151 /* QuickTime.framework in Frameworks */ = {isa = PBXBuildFile; fileRef = 31F56FB4080975A6006F1151 /* QuickTime.framework */; };
		31FC466308836D4100764A76 /* AudioToolbox.framework in Frameworks */ = {isa = PBXBuildFile; fileRef = 3196321E086CFE3A005A7699 /* AudioToolbox.framework */; };
		31FC47B70883928A00764A76 /* ApplicationServices.framework in Frameworks */ = {isa = PBXBuildFile; fileRef = 31FC47B60883928A00764A76 /* ApplicationServices.framework */; };
		8DC2EF530486A6940098B216 /* InfoPlist.strings in Resources */ = {isa = PBXBuildFile; fileRef = 089C1666FE841158C02AAC07 /* InfoPlist.strings */; };
/* End PBXBuildFile section */

/* Begin PBXBuildRule section */
		31544CC00DB96069009D659A /* PBXBuildRule */ = {
			isa = PBXBuildRule;
			compilerSpec = com.apple.compilers.gcc.4_2;
			fileType = sourcecode.c;
			isEditable = 1;
			outputFiles = (
			);
		};
/* End PBXBuildRule section */

/* Begin PBXContainerItemProxy section */
		31423BCA08660D2100E2309B /* PBXContainerItemProxy */ = {
			isa = PBXContainerItemProxy;
			containerPortal = 0867D690FE84028FC02AAC07 /* Project object */;
			proxyType = 1;
			remoteGlobalIDString = 8DC2EF4F0486A6940098B216;
			remoteInfo = MHKKit;
		};
		31423CBE08664F8300E2309B /* PBXContainerItemProxy */ = {
			isa = PBXContainerItemProxy;
			containerPortal = 0867D690FE84028FC02AAC07 /* Project object */;
			proxyType = 1;
			remoteGlobalIDString = 8DC2EF4F0486A6940098B216;
			remoteInfo = MHKKit;
		};
		3197D58808BD8BAF00865430 /* PBXContainerItemProxy */ = {
			isa = PBXContainerItemProxy;
			containerPortal = 0867D690FE84028FC02AAC07 /* Project object */;
			proxyType = 1;
			remoteGlobalIDString = 8DC2EF4F0486A6940098B216;
			remoteInfo = MHKKit;
		};
/* End PBXContainerItemProxy section */

/* Begin PBXCopyFilesBuildPhase section */
		31423C8608664ACA00E2309B /* CopyFiles */ = {
			isa = PBXCopyFilesBuildPhase;
			buildActionMask = 2147483647;
			dstPath = "";
			dstSubfolderSpec = 10;
			files = (
				31423C8808664AD900E2309B /* MHKKit.framework in CopyFiles */,
			);
			runOnlyForDeploymentPostprocessing = 0;
		};
		31C8A8130880501E00EB29D0 /* copy_ffmpeg_license */ = {
			isa = PBXCopyFilesBuildPhase;
			buildActionMask = 2147483647;
			dstPath = "";
			dstSubfolderSpec = 12;
			files = (
				31E68DD60981BD9C0069858E /* COPYING in copy_ffmpeg_license */,
				31E68DD50981BD990069858E /* README in copy_ffmpeg_license */,
			);
			name = copy_ffmpeg_license;
			runOnlyForDeploymentPostprocessing = 0;
		};
/* End PBXCopyFilesBuildPhase section */

/* Begin PBXFileReference section */
		089C1667FE841158C02AAC07 /* English */ = {isa = PBXFileReference; fileEncoding = 10; lastKnownFileType = text.plist.strings; name = English; path = English.lproj/InfoPlist.strings; sourceTree = "<group>"; };
		3109828008102A5300C56A62 /* MHKArchive.m */ = {isa = PBXFileReference; fileEncoding = 4; lastKnownFileType = sourcecode.c.objc; path = MHKArchive.m; sourceTree = "<group>"; };
		311B87E708773EDD00103E36 /* MHKArchiveBitmapAdditions.m */ = {isa = PBXFileReference; fileEncoding = 4; lastKnownFileType = sourcecode.c.objc; path = MHKArchiveBitmapAdditions.m; sourceTree = "<group>"; };
		311C1185080840F900F4E3C0 /* mohawk_core.h */ = {isa = PBXFileReference; fileEncoding = 4; lastKnownFileType = sourcecode.c.h; path = mohawk_core.h; sourceTree = "<group>"; };
		311C118E0808424500F4E3C0 /* MHKKit.h */ = {isa = PBXFileReference; fileEncoding = 4; lastKnownFileType = sourcecode.c.h; path = MHKKit.h; sourceTree = "<group>"; };
		311C11D30808499200F4E3C0 /* MHKArchive.h */ = {isa = PBXFileReference; fileEncoding = 4; lastKnownFileType = sourcecode.c.h; path = MHKArchive.h; sourceTree = "<group>"; };
		311C11DD08084AFF00F4E3C0 /* Foundation.framework */ = {isa = PBXFileReference; lastKnownFileType = wrapper.framework; name = Foundation.framework; path = /System/Library/Frameworks/Foundation.framework; sourceTree = "<absolute>"; };
		312ED37808822B8D00BD399A /* MHKAudioDecompression.h */ = {isa = PBXFileReference; fileEncoding = 4; lastKnownFileType = sourcecode.c.h; path = MHKAudioDecompression.h; sourceTree = "<group>"; };
		313E30DD086B180E00B52051 /* MHKArchiveQuickTimeAdditions.m */ = {isa = PBXFileReference; fileEncoding = 4; lastKnownFileType = sourcecode.c.objc; path = MHKArchiveQuickTimeAdditions.m; sourceTree = "<group>"; };
		313E32A2086B265400B52051 /* PHSErrorMacros.h */ = {isa = PBXFileReference; fileEncoding = 30; lastKnownFileType = sourcecode.c.h; path = PHSErrorMacros.h; sourceTree = "<group>"; };
		313E32C4086B2B8A00B52051 /* MHKErrors.h */ = {isa = PBXFileReference; fileEncoding = 4; lastKnownFileType = sourcecode.c.h; path = MHKErrors.h; sourceTree = "<group>"; };
		313E32CA086B2BBC00B52051 /* MHKErrors.m */ = {isa = PBXFileReference; fileEncoding = 4; lastKnownFileType = sourcecode.c.objc; path = MHKErrors.m; sourceTree = "<group>"; };
		31423BBF08660CD800E2309B /* mhk_dump */ = {isa = PBXFileReference; explicitFileType = "compiled.mach-o.executable"; includeInIndex = 0; path = mhk_dump; sourceTree = BUILT_PRODUCTS_DIR; };
		31423BC808660D1400E2309B /* mhk_dump.m */ = {isa = PBXFileReference; explicitFileType = sourcecode.c.objc; fileEncoding = 30; path = mhk_dump.m; sourceTree = "<group>"; };
		31423C090866159A00E2309B /* mohawk_core.c */ = {isa = PBXFileReference; fileEncoding = 4; lastKnownFileType = sourcecode.c.c; path = mohawk_core.c; sourceTree = "<group>"; };
		314749B00894483A009F5F23 /* Accelerate.framework */ = {isa = PBXFileReference; lastKnownFileType = wrapper.framework; name = Accelerate.framework; path = /System/Library/Frameworks/Accelerate.framework; sourceTree = "<absolute>"; };
		3147C537087A0A0100F8B81A /* MHKFileHandle.h */ = {isa = PBXFileReference; fileEncoding = 4; lastKnownFileType = sourcecode.c.h; path = MHKFileHandle.h; sourceTree = "<group>"; };
		3147C538087A0A0100F8B81A /* MHKFileHandle.m */ = {isa = PBXFileReference; fileEncoding = 4; lastKnownFileType = sourcecode.c.objc; path = MHKFileHandle.m; sourceTree = "<group>"; };
		314EF19709E44E8E002124D5 /* mohawk_bitmap.c */ = {isa = PBXFileReference; fileEncoding = 4; lastKnownFileType = sourcecode.c.c; path = mohawk_bitmap.c; sourceTree = "<group>"; };
		314EF2CA09E46E3E002124D5 /* libavutil.dylib */ = {isa = PBXFileReference; lastKnownFileType = "compiled.mach-o.dylib"; path = libavutil.dylib; sourceTree = "<group>"; };
		31556AED0A1FB4D600EFC426 /* mhk_dump_cmd.c */ = {isa = PBXFileReference; fileEncoding = 30; lastKnownFileType = sourcecode.c.c; path = mhk_dump_cmd.c; sourceTree = "<group>"; };
		31556AEE0A1FB4D600EFC426 /* mhk_dump_cmd.h */ = {isa = PBXFileReference; fileEncoding = 30; lastKnownFileType = sourcecode.c.h; path = mhk_dump_cmd.h; sourceTree = "<group>"; };
		3162F457087BA00A0030CE8D /* MHKMP2Decompressor.h */ = {isa = PBXFileReference; fileEncoding = 4; lastKnownFileType = sourcecode.c.h; path = MHKMP2Decompressor.h; sourceTree = "<group>"; };
		3162F458087BA00A0030CE8D /* MHKMP2Decompressor.m */ = {isa = PBXFileReference; fileEncoding = 4; lastKnownFileType = sourcecode.c.objc; path = MHKMP2Decompressor.m; sourceTree = "<group>"; };
		317A33FC09E9D893008E2459 /* mhk_mp2_analyse */ = {isa = PBXFileReference; explicitFileType = "compiled.mach-o.executable"; includeInIndex = 0; path = mhk_mp2_analyse; sourceTree = BUILT_PRODUCTS_DIR; };
		317A340309E9D8C2008E2459 /* mhk_mp2_analyse.m */ = {isa = PBXFileReference; fileEncoding = 4; lastKnownFileType = sourcecode.c.objc; path = mhk_mp2_analyse.m; sourceTree = "<group>"; };
		319631C6086CF4B6005A7699 /* MHKADPCMDecompressor.h */ = {isa = PBXFileReference; fileEncoding = 4; lastKnownFileType = sourcecode.c.h; path = MHKADPCMDecompressor.h; sourceTree = "<group>"; };
		319631C7086CF4B6005A7699 /* MHKADPCMDecompressor.m */ = {isa = PBXFileReference; fileEncoding = 4; indentWidth = 4; lastKnownFileType = sourcecode.c.objc; path = MHKADPCMDecompressor.m; sourceTree = "<group>"; tabWidth = 4; usesTabs = 1; };
		3196321E086CFE3A005A7699 /* AudioToolbox.framework */ = {isa = PBXFileReference; lastKnownFileType = wrapper.framework; name = AudioToolbox.framework; path = /System/Library/Frameworks/AudioToolbox.framework; sourceTree = "<absolute>"; };
		31963265086D014D005A7699 /* CoreAudio.framework */ = {isa = PBXFileReference; lastKnownFileType = wrapper.framework; name = CoreAudio.framework; path = /System/Library/Frameworks/CoreAudio.framework; sourceTree = "<absolute>"; };
		3197D57208BD8A9700865430 /* mhk_ls.m */ = {isa = PBXFileReference; fileEncoding = 4; lastKnownFileType = sourcecode.c.objc; path = mhk_ls.m; sourceTree = "<group>"; };
		3197D59408BD8BAF00865430 /* mhk_ls */ = {isa = PBXFileReference; explicitFileType = "compiled.mach-o.executable"; includeInIndex = 0; path = mhk_ls; sourceTree = BUILT_PRODUCTS_DIR; };
		31B78E200C88DC3500227E0F /* Base.xcconfig */ = {isa = PBXFileReference; fileEncoding = 4; lastKnownFileType = text.xcconfig; path = Base.xcconfig; sourceTree = "<group>"; };
		31B78E210C88DC3500227E0F /* DebugRelease.xcconfig */ = {isa = PBXFileReference; fileEncoding = 4; lastKnownFileType = text.xcconfig; path = DebugRelease.xcconfig; sourceTree = "<group>"; };
		31B78E220C88DC3500227E0F /* MHKKit.xcconfig */ = {isa = PBXFileReference; fileEncoding = 4; lastKnownFileType = text.xcconfig; path = MHKKit.xcconfig; sourceTree = "<group>"; };
		31C8A80F08804FDB00EB29D0 /* libavcodec.dylib */ = {isa = PBXFileReference; lastKnownFileType = "compiled.mach-o.dylib"; path = libavcodec.dylib; sourceTree = "<group>"; };
		31D8680D086DEDA000D75850 /* MHKArchiveWAVAdditions.m */ = {isa = PBXFileReference; fileEncoding = 4; lastKnownFileType = sourcecode.c.objc; path = MHKArchiveWAVAdditions.m; sourceTree = "<group>"; };
		31D86840086E00F000D75850 /* mohawk_wave.h */ = {isa = PBXFileReference; fileEncoding = 30; lastKnownFileType = sourcecode.c.h; path = mohawk_wave.h; sourceTree = "<group>"; };
		31E68DD10981BD680069858E /* COPYING */ = {isa = PBXFileReference; fileEncoding = 4; lastKnownFileType = text; path = COPYING; sourceTree = "<group>"; };
		31E68DD30981BD700069858E /* README */ = {isa = PBXFileReference; fileEncoding = 4; lastKnownFileType = text; path = README; sourceTree = "<group>"; };
		31EE5FE30892F7330042767E /* mohawk_bitmap.h */ = {isa = PBXFileReference; fileEncoding = 30; lastKnownFileType = sourcecode.c.h; path = mohawk_bitmap.h; sourceTree = "<group>"; };
		31F3FF8C080840660013F427 /* CoreFoundation.framework */ = {isa = PBXFileReference; lastKnownFileType = wrapper.framework; name = CoreFoundation.framework; path = /System/Library/Frameworks/CoreFoundation.framework; sourceTree = "<absolute>"; };
		31F56DAB0808CF56006F1151 /* QTKit.framework */ = {isa = PBXFileReference; lastKnownFileType = wrapper.framework; name = QTKit.framework; path = /System/Library/Frameworks/QTKit.framework; sourceTree = "<absolute>"; };
		31F56DB30808CF6D006F1151 /* MHK QT Player.app */ = {isa = PBXFileReference; explicitFileType = wrapper.application; includeInIndex = 0; path = "MHK QT Player.app"; sourceTree = BUILT_PRODUCTS_DIR; };
		31F56DB50808CF6D006F1151 /* MHK QT Player-Info.plist */ = {isa = PBXFileReference; fileEncoding = 4; lastKnownFileType = text.xml; path = "MHK QT Player-Info.plist"; sourceTree = "<group>"; };
		31F56DB90808CFA4006F1151 /* Cocoa.framework */ = {isa = PBXFileReference; lastKnownFileType = wrapper.framework; name = Cocoa.framework; path = /System/Library/Frameworks/Cocoa.framework; sourceTree = "<absolute>"; };
		31F56DD00808D02C006F1151 /* English */ = {isa = PBXFileReference; lastKnownFileType = wrapper.nib; name = English; path = English.lproj/MainMenu.nib; sourceTree = "<group>"; };
		31F56DE10808D073006F1151 /* MHKQTPlayerController.h */ = {isa = PBXFileReference; fileEncoding = 4; lastKnownFileType = sourcecode.c.h; path = MHKQTPlayerController.h; sourceTree = "<group>"; };
		31F56DE20808D073006F1151 /* MHKQTPlayerController.m */ = {isa = PBXFileReference; fileEncoding = 4; lastKnownFileType = sourcecode.c.objc; path = MHKQTPlayerController.m; sourceTree = "<group>"; };
		31F56E540808DC71006F1151 /* main.m */ = {isa = PBXFileReference; fileEncoding = 30; lastKnownFileType = sourcecode.c.objc; path = main.m; sourceTree = "<group>"; };
		31F56FB4080975A6006F1151 /* QuickTime.framework */ = {isa = PBXFileReference; lastKnownFileType = wrapper.framework; name = QuickTime.framework; path = /System/Library/Frameworks/QuickTime.framework; sourceTree = "<absolute>"; };
		31FC47B60883928A00764A76 /* ApplicationServices.framework */ = {isa = PBXFileReference; lastKnownFileType = wrapper.framework; name = ApplicationServices.framework; path = /System/Library/Frameworks/ApplicationServices.framework; sourceTree = "<absolute>"; };
		8DC2EF5A0486A6940098B216 /* Info.plist */ = {isa = PBXFileReference; fileEncoding = 4; lastKnownFileType = text.xml; path = Info.plist; sourceTree = "<group>"; };
		8DC2EF5B0486A6940098B216 /* MHKKit.framework */ = {isa = PBXFileReference; explicitFileType = wrapper.framework; includeInIndex = 0; path = MHKKit.framework; sourceTree = BUILT_PRODUCTS_DIR; };
/* End PBXFileReference section */

/* Begin PBXFrameworksBuildPhase section */
		31423BBD08660CD800E2309B /* Frameworks */ = {
			isa = PBXFrameworksBuildPhase;
			buildActionMask = 2147483647;
			files = (
				31423BCD08660D3900E2309B /* CoreFoundation.framework in Frameworks */,
				31423BD008660D4200E2309B /* MHKKit.framework in Frameworks */,
				3159BE9608A6B8820073DA71 /* AudioToolbox.framework in Frameworks */,
				312C368E08A7EE750019C15C /* Foundation.framework in Frameworks */,
				312C36D708A7F4250019C15C /* ApplicationServices.framework in Frameworks */,
			);
			runOnlyForDeploymentPostprocessing = 0;
		};
		317A33FA09E9D893008E2459 /* Frameworks */ = {
			isa = PBXFrameworksBuildPhase;
			buildActionMask = 2147483647;
			files = (
				317A341B09E9D8EA008E2459 /* Foundation.framework in Frameworks */,
			);
			runOnlyForDeploymentPostprocessing = 0;
		};
		3197D58B08BD8BAF00865430 /* Frameworks */ = {
			isa = PBXFrameworksBuildPhase;
			buildActionMask = 2147483647;
			files = (
				3197D58C08BD8BAF00865430 /* CoreFoundation.framework in Frameworks */,
				3197D58D08BD8BAF00865430 /* MHKKit.framework in Frameworks */,
				3197D58E08BD8BAF00865430 /* AudioToolbox.framework in Frameworks */,
				3197D58F08BD8BAF00865430 /* Foundation.framework in Frameworks */,
				3197D59008BD8BAF00865430 /* ApplicationServices.framework in Frameworks */,
			);
			runOnlyForDeploymentPostprocessing = 0;
		};
		31F56DB10808CF6D006F1151 /* Frameworks */ = {
			isa = PBXFrameworksBuildPhase;
			buildActionMask = 2147483647;
			files = (
				31F56DBD0808CFA9006F1151 /* QTKit.framework in Frameworks */,
				31F56DBA0808CFA4006F1151 /* Cocoa.framework in Frameworks */,
				31F56FB5080975A6006F1151 /* QuickTime.framework in Frameworks */,
				3136973E087C856800DF43D1 /* MHKKit.framework in Frameworks */,
			);
			runOnlyForDeploymentPostprocessing = 0;
		};
		8DC2EF560486A6940098B216 /* Frameworks */ = {
			isa = PBXFrameworksBuildPhase;
			buildActionMask = 2147483647;
			files = (
				31F3FF8D080840660013F427 /* CoreFoundation.framework in Frameworks */,
				311C11DE08084AFF00F4E3C0 /* Foundation.framework in Frameworks */,
				313E3146086B1EF100B52051 /* QuickTime.framework in Frameworks */,
				31FC466308836D4100764A76 /* AudioToolbox.framework in Frameworks */,
				31FC47B70883928A00764A76 /* ApplicationServices.framework in Frameworks */,
				314749B10894483A009F5F23 /* Accelerate.framework in Frameworks */,
				31E0CC9208A2C5530062BCFC /* CoreAudio.framework in Frameworks */,
			);
			runOnlyForDeploymentPostprocessing = 0;
		};
/* End PBXFrameworksBuildPhase section */

/* Begin PBXGroup section */
		034768DFFF38A50411DB9C8B /* Products */ = {
			isa = PBXGroup;
			children = (
				8DC2EF5B0486A6940098B216 /* MHKKit.framework */,
				31F56DB30808CF6D006F1151 /* MHK QT Player.app */,
				31423BBF08660CD800E2309B /* mhk_dump */,
				3197D59408BD8BAF00865430 /* mhk_ls */,
				317A33FC09E9D893008E2459 /* mhk_mp2_analyse */,
			);
			name = Products;
			sourceTree = "<group>";
		};
		0867D691FE84028FC02AAC07 /* mohawk-kit */ = {
			isa = PBXGroup;
			children = (
				313E32A2086B265400B52051 /* PHSErrorMacros.h */,
				31B78E1F0C88DC3500227E0F /* Configuration */,
				311C125C08084FEF00F4E3C0 /* Kit */,
				311C125D08084FF900F4E3C0 /* Utilities */,
				31F56DA90808CF40006F1151 /* Movie Player */,
				31C8A80E08804FDB00EB29D0 /* ffmpeg */,
				0867D69AFE84028FC02AAC07 /* Frameworks */,
				034768DFFF38A50411DB9C8B /* Products */,
			);
			name = "mohawk-kit";
			sourceTree = "<group>";
		};
		0867D69AFE84028FC02AAC07 /* Frameworks */ = {
			isa = PBXGroup;
			children = (
				314749B00894483A009F5F23 /* Accelerate.framework */,
				31FC47B60883928A00764A76 /* ApplicationServices.framework */,
				3196321E086CFE3A005A7699 /* AudioToolbox.framework */,
				31F56DB90808CFA4006F1151 /* Cocoa.framework */,
				31963265086D014D005A7699 /* CoreAudio.framework */,
				31F3FF8C080840660013F427 /* CoreFoundation.framework */,
				311C11DD08084AFF00F4E3C0 /* Foundation.framework */,
				31F56DAB0808CF56006F1151 /* QTKit.framework */,
				31F56FB4080975A6006F1151 /* QuickTime.framework */,
			);
			name = Frameworks;
			sourceTree = "<group>";
		};
		089C1665FE841158C02AAC07 /* Resources */ = {
			isa = PBXGroup;
			children = (
				31F56DCF0808D02C006F1151 /* MainMenu.nib */,
				31F56DB50808CF6D006F1151 /* MHK QT Player-Info.plist */,
			);
			name = Resources;
			sourceTree = "<group>";
		};
		311B87E408773EAB00103E36 /* tBMP */ = {
			isa = PBXGroup;
			children = (
				311B87E708773EDD00103E36 /* MHKArchiveBitmapAdditions.m */,
				314EF19709E44E8E002124D5 /* mohawk_bitmap.c */,
				31EE5FE30892F7330042767E /* mohawk_bitmap.h */,
			);
			name = tBMP;
			sourceTree = "<group>";
		};
		311C125C08084FEF00F4E3C0 /* Kit */ = {
			isa = PBXGroup;
			children = (
				312ED37508822B7200BD399A /* Audio Decompressors */,
				311B87E408773EAB00103E36 /* tBMP */,
				31D867DE086DE74D00D75850 /* tMOV */,
				31D8680A086DED2700D75850 /* tWAV */,
				8DC2EF5A0486A6940098B216 /* Info.plist */,
				089C1666FE841158C02AAC07 /* InfoPlist.strings */,
				311C1185080840F900F4E3C0 /* mohawk_core.h */,
				31423C090866159A00E2309B /* mohawk_core.c */,
				311C118E0808424500F4E3C0 /* MHKKit.h */,
				3147C537087A0A0100F8B81A /* MHKFileHandle.h */,
				3147C538087A0A0100F8B81A /* MHKFileHandle.m */,
				311C11D30808499200F4E3C0 /* MHKArchive.h */,
				3109828008102A5300C56A62 /* MHKArchive.m */,
				313E32C4086B2B8A00B52051 /* MHKErrors.h */,
				313E32CA086B2BBC00B52051 /* MHKErrors.m */,
			);
			name = Kit;
			sourceTree = "<group>";
		};
		311C125D08084FF900F4E3C0 /* Utilities */ = {
			isa = PBXGroup;
			children = (
				31423BC808660D1400E2309B /* mhk_dump.m */,
				31556AED0A1FB4D600EFC426 /* mhk_dump_cmd.c */,
				31556AEE0A1FB4D600EFC426 /* mhk_dump_cmd.h */,
				3197D57208BD8A9700865430 /* mhk_ls.m */,
				317A340309E9D8C2008E2459 /* mhk_mp2_analyse.m */,
			);
			name = Utilities;
			sourceTree = "<group>";
		};
		312ED37508822B7200BD399A /* Audio Decompressors */ = {
			isa = PBXGroup;
			children = (
				312ED37808822B8D00BD399A /* MHKAudioDecompression.h */,
				313F3758086C61DA00B8671D /* ADPCM */,
				3162F162087B5E350030CE8D /* MP2 */,
			);
			name = "Audio Decompressors";
			sourceTree = "<group>";
		};
		313F3758086C61DA00B8671D /* ADPCM */ = {
			isa = PBXGroup;
			children = (
				319631C6086CF4B6005A7699 /* MHKADPCMDecompressor.h */,
				319631C7086CF4B6005A7699 /* MHKADPCMDecompressor.m */,
			);
			name = ADPCM;
			sourceTree = "<group>";
		};
		3162F162087B5E350030CE8D /* MP2 */ = {
			isa = PBXGroup;
			children = (
				3162F457087BA00A0030CE8D /* MHKMP2Decompressor.h */,
				3162F458087BA00A0030CE8D /* MHKMP2Decompressor.m */,
			);
			name = MP2;
			sourceTree = "<group>";
		};
		31B78E1F0C88DC3500227E0F /* Configuration */ = {
			isa = PBXGroup;
			children = (
				31B78E200C88DC3500227E0F /* Base.xcconfig */,
				31B78E210C88DC3500227E0F /* DebugRelease.xcconfig */,
				31B78E220C88DC3500227E0F /* MHKKit.xcconfig */,
			);
			path = Configuration;
			sourceTree = "<group>";
		};
		31C8A80E08804FDB00EB29D0 /* ffmpeg */ = {
			isa = PBXGroup;
			children = (
				31E68DD10981BD680069858E /* COPYING */,
				31C8A80F08804FDB00EB29D0 /* libavcodec.dylib */,
				314EF2CA09E46E3E002124D5 /* libavutil.dylib */,
				31E68DD30981BD700069858E /* README */,
			);
			path = ffmpeg;
			sourceTree = "<group>";
		};
		31D867DE086DE74D00D75850 /* tMOV */ = {
			isa = PBXGroup;
			children = (
				313E30DD086B180E00B52051 /* MHKArchiveQuickTimeAdditions.m */,
			);
			name = tMOV;
			sourceTree = "<group>";
		};
		31D8680A086DED2700D75850 /* tWAV */ = {
			isa = PBXGroup;
			children = (
				31D8680D086DEDA000D75850 /* MHKArchiveWAVAdditions.m */,
				31D86840086E00F000D75850 /* mohawk_wave.h */,
			);
			name = tWAV;
			sourceTree = "<group>";
		};
		31F56DA90808CF40006F1151 /* Movie Player */ = {
			isa = PBXGroup;
			children = (
				31F56E540808DC71006F1151 /* main.m */,
				31F56DE10808D073006F1151 /* MHKQTPlayerController.h */,
				31F56DE20808D073006F1151 /* MHKQTPlayerController.m */,
				089C1665FE841158C02AAC07 /* Resources */,
			);
			name = "Movie Player";
			sourceTree = "<group>";
		};
/* End PBXGroup section */

/* Begin PBXHeadersBuildPhase section */
		8DC2EF500486A6940098B216 /* Headers */ = {
			isa = PBXHeadersBuildPhase;
			buildActionMask = 2147483647;
			files = (
				311C1187080840F900F4E3C0 /* mohawk_core.h in Headers */,
				311C118F0808424500F4E3C0 /* MHKKit.h in Headers */,
				311C11D40808499200F4E3C0 /* MHKArchive.h in Headers */,
				313E32A3086B265500B52051 /* PHSErrorMacros.h in Headers */,
				313E32C5086B2B8A00B52051 /* MHKErrors.h in Headers */,
				319631C8086CF4B6005A7699 /* MHKADPCMDecompressor.h in Headers */,
				31D86841086E00F000D75850 /* mohawk_wave.h in Headers */,
				3147C539087A0A0100F8B81A /* MHKFileHandle.h in Headers */,
				3162F459087BA00A0030CE8D /* MHKMP2Decompressor.h in Headers */,
				312ED37A08822B8D00BD399A /* MHKAudioDecompression.h in Headers */,
				31EE5FE40892F7330042767E /* mohawk_bitmap.h in Headers */,
			);
			runOnlyForDeploymentPostprocessing = 0;
		};
/* End PBXHeadersBuildPhase section */

/* Begin PBXNativeTarget section */
		31423BBE08660CD800E2309B /* mhk_dump */ = {
			isa = PBXNativeTarget;
			buildConfigurationList = 31423BC508660CF600E2309B /* Build configuration list for PBXNativeTarget "mhk_dump" */;
			buildPhases = (
				31423BBC08660CD800E2309B /* Sources */,
				31423BBD08660CD800E2309B /* Frameworks */,
			);
			buildRules = (
			);
			dependencies = (
				31423BCB08660D2100E2309B /* PBXTargetDependency */,
			);
			name = mhk_dump;
			productName = "MHKKit Test";
			productReference = 31423BBF08660CD800E2309B /* mhk_dump */;
			productType = "com.apple.product-type.tool";
		};
		317A33FB09E9D893008E2459 /* mhk_mp2_analyse */ = {
			isa = PBXNativeTarget;
			buildConfigurationList = 317A340509E9D8C3008E2459 /* Build configuration list for PBXNativeTarget "mhk_mp2_analyse" */;
			buildPhases = (
				317A33F909E9D893008E2459 /* Sources */,
				317A33FA09E9D893008E2459 /* Frameworks */,
			);
			buildRules = (
			);
			dependencies = (
			);
			name = mhk_mp2_analyse;
			productName = mhk_mp2_analyse;
			productReference = 317A33FC09E9D893008E2459 /* mhk_mp2_analyse */;
			productType = "com.apple.product-type.tool";
		};
		3197D58608BD8BAF00865430 /* mhk_ls */ = {
			isa = PBXNativeTarget;
			buildConfigurationList = 3197D59108BD8BAF00865430 /* Build configuration list for PBXNativeTarget "mhk_ls" */;
			buildPhases = (
				3197D58908BD8BAF00865430 /* Sources */,
				3197D58B08BD8BAF00865430 /* Frameworks */,
			);
			buildRules = (
			);
			dependencies = (
				3197D58708BD8BAF00865430 /* PBXTargetDependency */,
			);
			name = mhk_ls;
			productName = "MHKKit Test";
			productReference = 3197D59408BD8BAF00865430 /* mhk_ls */;
			productType = "com.apple.product-type.tool";
		};
		31F56DB20808CF6D006F1151 /* MHK QT Player */ = {
			isa = PBXNativeTarget;
			buildConfigurationList = 31777F540862747300269E60 /* Build configuration list for PBXNativeTarget "MHK QT Player" */;
			buildPhases = (
				31F56DAF0808CF6D006F1151 /* Resources */,
				31423C8608664ACA00E2309B /* CopyFiles */,
				31F56DB00808CF6D006F1151 /* Sources */,
				31F56DB10808CF6D006F1151 /* Frameworks */,
				31E68DAF0981AB2D0069858E /* release_compress */,
			);
			buildRules = (
			);
			dependencies = (
				31423CBF08664F8300E2309B /* PBXTargetDependency */,
			);
			name = "MHK QT Player";
			productName = "MHK QT Player";
			productReference = 31F56DB30808CF6D006F1151 /* MHK QT Player.app */;
			productType = "com.apple.product-type.application";
		};
		8DC2EF4F0486A6940098B216 /* MHKKit */ = {
			isa = PBXNativeTarget;
			buildConfigurationList = 31777F4C0862747300269E60 /* Build configuration list for PBXNativeTarget "MHKKit" */;
			buildPhases = (
				8DC2EF500486A6940098B216 /* Headers */,
				8DC2EF520486A6940098B216 /* Resources */,
				8DC2EF540486A6940098B216 /* Sources */,
				8DC2EF560486A6940098B216 /* Frameworks */,
				31C8A8130880501E00EB29D0 /* copy_ffmpeg_license */,
				310DA4A00A2759480027BFBD /* copy_ffmpeg */,
				314A02E90B6E53AD003E92A1 /* svnversion */,
			);
			buildRules = (
				31544CC00DB96069009D659A /* PBXBuildRule */,
			);
			dependencies = (
			);
			name = MHKKit;
			productInstallPath = "$(HOME)/Library/Frameworks";
			productName = "mohawk-kit";
			productReference = 8DC2EF5B0486A6940098B216 /* MHKKit.framework */;
			productType = "com.apple.product-type.framework";
		};
/* End PBXNativeTarget section */

/* Begin PBXProject section */
		0867D690FE84028FC02AAC07 /* Project object */ = {
			isa = PBXProject;
			buildConfigurationList = 31777F580862747300269E60 /* Build configuration list for PBXProject "MHKKit" */;
			compatibilityVersion = "Xcode 3.1";
			hasScannedForEncodings = 1;
			mainGroup = 0867D691FE84028FC02AAC07 /* mohawk-kit */;
			productRefGroup = 034768DFFF38A50411DB9C8B /* Products */;
			projectDirPath = "";
			projectRoot = "";
			targets = (
				8DC2EF4F0486A6940098B216 /* MHKKit */,
				31F56DB20808CF6D006F1151 /* MHK QT Player */,
				31423BBE08660CD800E2309B /* mhk_dump */,
				3197D58608BD8BAF00865430 /* mhk_ls */,
				317A33FB09E9D893008E2459 /* mhk_mp2_analyse */,
			);
		};
/* End PBXProject section */

/* Begin PBXResourcesBuildPhase section */
		31F56DAF0808CF6D006F1151 /* Resources */ = {
			isa = PBXResourcesBuildPhase;
			buildActionMask = 2147483647;
			files = (
				31F56DD10808D02C006F1151 /* MainMenu.nib in Resources */,
			);
			runOnlyForDeploymentPostprocessing = 0;
		};
		8DC2EF520486A6940098B216 /* Resources */ = {
			isa = PBXResourcesBuildPhase;
			buildActionMask = 2147483647;
			files = (
				8DC2EF530486A6940098B216 /* InfoPlist.strings in Resources */,
			);
			runOnlyForDeploymentPostprocessing = 0;
		};
/* End PBXResourcesBuildPhase section */

/* Begin PBXShellScriptBuildPhase section */
		310DA4A00A2759480027BFBD /* copy_ffmpeg */ = {
			isa = PBXShellScriptBuildPhase;
			buildActionMask = 2147483647;
			files = (
			);
			inputPaths = (
			);
			name = copy_ffmpeg;
			outputPaths = (
			);
			runOnlyForDeploymentPostprocessing = 0;
			shellPath = /bin/sh;
			shellScript = "COPY_TOOL=\"${DEVELOPER_LIBRARY_DIR}/PrivateFrameworks/DevToolsCore.framework/Resources/pbxcp\"\nif [ ! -f \"${COPY_TOOL}\" ]; then\n\tCOPY_TOOL=\"/System/Library/PrivateFrameworks/DevToolsCore.framework/Resources/pbxcp\"\nfi\n\n# libavutil\n$COPY_TOOL -exclude .DS_Store -exclude CVS -exclude .svn -resolve-src-symlinks \"${SRCROOT}/ffmpeg/libavutil.dylib\" \"${BUILT_PRODUCTS_DIR}/${SHARED_SUPPORT_FOLDER_PATH}\"\n$COPY_TOOL -exclude .DS_Store -exclude CVS -exclude .svn -resolve-src-symlinks \"${SRCROOT}/ffmpeg/libavutil.dylib\" \"${BUILT_PRODUCTS_DIR}\"\n$COPY_TOOL -exclude .DS_Store -exclude CVS -exclude .svn -resolve-src-symlinks \"${SRCROOT}/ffmpeg/libavutil.dylib.dSYM\" \"${BUILT_PRODUCTS_DIR}\"\n\n# libavcodec\n$COPY_TOOL -exclude .DS_Store -exclude CVS -exclude .svn -resolve-src-symlinks \"${SRCROOT}/ffmpeg/libavcodec.dylib\" \"${BUILT_PRODUCTS_DIR}/${SHARED_SUPPORT_FOLDER_PATH}\"\n$COPY_TOOL -exclude .DS_Store -exclude CVS -exclude .svn -resolve-src-symlinks \"${SRCROOT}/ffmpeg/libavcodec.dylib\" \"${BUILT_PRODUCTS_DIR}\"\n$COPY_TOOL -exclude .DS_Store -exclude CVS -exclude .svn -resolve-src-symlinks \"${SRCROOT}/ffmpeg/libavcodec.dylib.dSYM\" \"${BUILT_PRODUCTS_DIR}\"\n";
		};
		314A02E90B6E53AD003E92A1 /* svnversion */ = {
			isa = PBXShellScriptBuildPhase;
			buildActionMask = 2147483647;
			files = (
			);
			inputPaths = (
			);
			name = svnversion;
			outputPaths = (
			);
			runOnlyForDeploymentPostprocessing = 0;
			shellPath = "/usr/bin/env python";
			shellScript = "#-*- encoding: utf-8 -*-\n# Xcode auto-versioning script for Subversion\n# by Axel Andersson, modified by Daniel Jalkut to use\n# svnversion instead of svn info, so that the current version\n# the highest local revision  number is always used.\n# Python version by Jean-Francois Roy\n        \nimport os, re, sys\n\nif os.getenv(\"BUILT_PRODUCTS_DIR\") is None:\n    print \"Must be run from Xcode\"\n    sys.exit(1)\n\n# Add a few common directories to PATH\npathEntries = os.environ['PATH'].split(':')\nif \"/usr/local/bin\" not in pathEntries: pathEntries.append(\"/usr/local/bin\")\nif \"/opt/local/bin\" not in pathEntries: pathEntries.append(\"/opt/local/bin\")\nif \"/sw/bin\" not in pathEntries: pathEntries.append(\"/sw/bin\")\nos.environ['PATH'] = ':'.join(pathEntries)\n\n# Get the current subversion revision number and use it to set the CFBundleVersion value\np = os.popen2(['svnversion', '-n'])[1]\nREV = p.read()\np.close()\nINFO = \"%s/%s\" % (os.environ['TARGET_BUILD_DIR'], os.environ['INFOPLIST_PATH'])\n\nmatchObject = re.compile(\"([\\d]+:)?(\\d+[M|S]*).*\").match(REV)\nif not matchObject:\n    print \"No Subversion revision found\"\n    sys.exit(1)\nversion = matchObject.groups()[1]\n\nFH = open(INFO, 'a+')\nFH.seek(0)\n\ninfo = FH.read()\ninfo_re = re.compile(\"([\\t ]+<key>CFBundleVersion</key>\\n[\\t ]+<string>).*?(</string>)\", re.S | re.M)\ninfo = info_re.sub(r'\\g<1>%s\\g<2>' % version, info)\n\nFH.truncate(0)\nFH.write(info)\nFH.close()\n";
		};
		31E68DAF0981AB2D0069858E /* release_compress */ = {
			isa = PBXShellScriptBuildPhase;
			buildActionMask = 8;
			files = (
			);
			inputPaths = (
			);
			name = release_compress;
			outputPaths = (
			);
			runOnlyForDeploymentPostprocessing = 1;
			shellPath = /bin/sh;
			shellScript = "tar -cjf \"${BUILT_PRODUCTS_DIR}/${PRODUCT_NAME}.tar.bz2\" -C \"${BUILT_PRODUCTS_DIR}\" \"${FULL_PRODUCT_NAME}\"\n";
		};
/* End PBXShellScriptBuildPhase section */

/* Begin PBXSourcesBuildPhase section */
		31423BBC08660CD800E2309B /* Sources */ = {
			isa = PBXSourcesBuildPhase;
			buildActionMask = 2147483647;
			files = (
				31423BC908660D1400E2309B /* mhk_dump.m in Sources */,
				31556AEF0A1FB4D600EFC426 /* mhk_dump_cmd.c in Sources */,
			);
			runOnlyForDeploymentPostprocessing = 0;
		};
		317A33F909E9D893008E2459 /* Sources */ = {
			isa = PBXSourcesBuildPhase;
			buildActionMask = 2147483647;
			files = (
				317A340409E9D8C2008E2459 /* mhk_mp2_analyse.m in Sources */,
			);
			runOnlyForDeploymentPostprocessing = 0;
		};
		3197D58908BD8BAF00865430 /* Sources */ = {
			isa = PBXSourcesBuildPhase;
			buildActionMask = 2147483647;
			files = (
				3197D5AB08BD8BD700865430 /* mhk_ls.m in Sources */,
			);
			runOnlyForDeploymentPostprocessing = 0;
		};
		31F56DB00808CF6D006F1151 /* Sources */ = {
			isa = PBXSourcesBuildPhase;
			buildActionMask = 2147483647;
			files = (
				31F56DE30808D073006F1151 /* MHKQTPlayerController.m in Sources */,
				31F56E550808DC71006F1151 /* main.m in Sources */,
			);
			runOnlyForDeploymentPostprocessing = 0;
		};
		8DC2EF540486A6940098B216 /* Sources */ = {
			isa = PBXSourcesBuildPhase;
			buildActionMask = 2147483647;
			files = (
				3109828108102A5300C56A62 /* MHKArchive.m in Sources */,
				31423C0A0866159A00E2309B /* mohawk_core.c in Sources */,
				313E30DF086B180E00B52051 /* MHKArchiveQuickTimeAdditions.m in Sources */,
				313E32CB086B2BBC00B52051 /* MHKErrors.m in Sources */,
				319631C9086CF4B6005A7699 /* MHKADPCMDecompressor.m in Sources */,
				31D8680E086DEDA000D75850 /* MHKArchiveWAVAdditions.m in Sources */,
				311B87E808773EDD00103E36 /* MHKArchiveBitmapAdditions.m in Sources */,
				3147C53A087A0A0100F8B81A /* MHKFileHandle.m in Sources */,
				3162F45A087BA00A0030CE8D /* MHKMP2Decompressor.m in Sources */,
				314EF19809E44E8E002124D5 /* mohawk_bitmap.c in Sources */,
			);
			runOnlyForDeploymentPostprocessing = 0;
		};
/* End PBXSourcesBuildPhase section */

/* Begin PBXTargetDependency section */
		31423BCB08660D2100E2309B /* PBXTargetDependency */ = {
			isa = PBXTargetDependency;
			target = 8DC2EF4F0486A6940098B216 /* MHKKit */;
			targetProxy = 31423BCA08660D2100E2309B /* PBXContainerItemProxy */;
		};
		31423CBF08664F8300E2309B /* PBXTargetDependency */ = {
			isa = PBXTargetDependency;
			target = 8DC2EF4F0486A6940098B216 /* MHKKit */;
			targetProxy = 31423CBE08664F8300E2309B /* PBXContainerItemProxy */;
		};
		3197D58708BD8BAF00865430 /* PBXTargetDependency */ = {
			isa = PBXTargetDependency;
			target = 8DC2EF4F0486A6940098B216 /* MHKKit */;
			targetProxy = 3197D58808BD8BAF00865430 /* PBXContainerItemProxy */;
		};
/* End PBXTargetDependency section */

/* Begin PBXVariantGroup section */
		089C1666FE841158C02AAC07 /* InfoPlist.strings */ = {
			isa = PBXVariantGroup;
			children = (
				089C1667FE841158C02AAC07 /* English */,
			);
			name = InfoPlist.strings;
			sourceTree = "<group>";
		};
		31F56DCF0808D02C006F1151 /* MainMenu.nib */ = {
			isa = PBXVariantGroup;
			children = (
				31F56DD00808D02C006F1151 /* English */,
			);
			name = MainMenu.nib;
			sourceTree = "<group>";
		};
/* End PBXVariantGroup section */

/* Begin XCBuildConfiguration section */
		3102E13E0A92543400FCEAAA /* Debug_u */ = {
			isa = XCBuildConfiguration;
			baseConfigurationReference = 31B78E220C88DC3500227E0F /* MHKKit.xcconfig */;
			buildSettings = {
			};
			name = Debug_u;
		};
		3102E13F0A92543400FCEAAA /* Debug_u */ = {
			isa = XCBuildConfiguration;
			buildSettings = {
				COPY_PHASE_STRIP = NO;
				GCC_DYNAMIC_NO_PIC = NO;
				GCC_GENERATE_DEBUGGING_SYMBOLS = YES;
				GCC_MODEL_TUNING = G4;
				GCC_OPTIMIZATION_LEVEL = 0;
				INFOPLIST_FILE = "MHK QT Player-Info.plist";
				INSTALL_PATH = "$(USER_APPS_DIR)";
				MACOSX_DEPLOYMENT_TARGET = 10.4;
				PREBINDING = NO;
				PRODUCT_NAME = "MHK QT Player";
				ZERO_LINK = NO;
			};
			name = Debug_u;
		};
		3102E1400A92543400FCEAAA /* Debug_u */ = {
			isa = XCBuildConfiguration;
			buildSettings = {
				COPY_PHASE_STRIP = NO;
				GCC_GENERATE_DEBUGGING_SYMBOLS = YES;
				GCC_MODEL_TUNING = G5;
				INSTALL_PATH = /usr/local/bin;
				PREBINDING = NO;
				PRODUCT_NAME = mhk_dump;
				SECTORDER_FLAGS = "";
			};
			name = Debug_u;
		};
		3102E1410A92543400FCEAAA /* Debug_u */ = {
			isa = XCBuildConfiguration;
			buildSettings = {
				COPY_PHASE_STRIP = NO;
				GCC_GENERATE_DEBUGGING_SYMBOLS = YES;
				GCC_MODEL_TUNING = G5;
				INSTALL_PATH = /usr/local/bin;
				PREBINDING = NO;
				PRODUCT_NAME = mhk_ls;
				SECTORDER_FLAGS = "";
			};
			name = Debug_u;
		};
		3102E1420A92543400FCEAAA /* Debug_u */ = {
			isa = XCBuildConfiguration;
			buildSettings = {
				COPY_PHASE_STRIP = NO;
				GCC_DYNAMIC_NO_PIC = NO;
				GCC_ENABLE_FIX_AND_CONTINUE = YES;
				GCC_GENERATE_DEBUGGING_SYMBOLS = YES;
				GCC_MODEL_TUNING = G5;
				GCC_OPTIMIZATION_LEVEL = 0;
				INSTALL_PATH = "$(HOME)/bin";
				PREBINDING = NO;
				PRODUCT_NAME = mhk_mp2_analyse;
				ZERO_LINK = NO;
			};
			name = Debug_u;
		};
		3102E1430A92543400FCEAAA /* Debug_u */ = {
			isa = XCBuildConfiguration;
			baseConfigurationReference = 31B78E210C88DC3500227E0F /* DebugRelease.xcconfig */;
			buildSettings = {
				ARCHS = "$(ARCHS_STANDARD_32_BIT)";
				GCC_GENERATE_DEBUGGING_SYMBOLS = YES;
				GCC_OPTIMIZATION_LEVEL = 0;
				GCC_PREPROCESSOR_DEFINITIONS = (
					CoreAudio_StopOnFailure,
					"DEBUG=1",
				);
				STRIP_INSTALLED_PRODUCT = NO;
			};
			name = Debug_u;
		};
		31423BC608660CF600E2309B /* Debug */ = {
			isa = XCBuildConfiguration;
			buildSettings = {
				COPY_PHASE_STRIP = NO;
				GCC_GENERATE_DEBUGGING_SYMBOLS = YES;
				GCC_MODEL_TUNING = G5;
				INSTALL_PATH = /usr/local/bin;
				PREBINDING = NO;
				PRODUCT_NAME = mhk_dump;
				SECTORDER_FLAGS = "";
			};
			name = Debug;
		};
		31423BC708660CF600E2309B /* Release */ = {
			isa = XCBuildConfiguration;
			buildSettings = {
				COPY_PHASE_STRIP = YES;
				GCC_GENERATE_DEBUGGING_SYMBOLS = NO;
				GCC_MODEL_TUNING = G5;
				INSTALL_PATH = /usr/local/bin;
				PREBINDING = NO;
				PRODUCT_NAME = mhk_dump;
				SECTORDER_FLAGS = "";
			};
			name = Release;
		};
		31777F4D0862747300269E60 /* Debug */ = {
			isa = XCBuildConfiguration;
			baseConfigurationReference = 31B78E220C88DC3500227E0F /* MHKKit.xcconfig */;
			buildSettings = {
			};
			name = Debug;
		};
		31777F4E0862747300269E60 /* Release */ = {
			isa = XCBuildConfiguration;
			baseConfigurationReference = 31B78E220C88DC3500227E0F /* MHKKit.xcconfig */;
			buildSettings = {
			};
			name = Release;
		};
		31777F550862747300269E60 /* Debug */ = {
			isa = XCBuildConfiguration;
			buildSettings = {
				COPY_PHASE_STRIP = NO;
				GCC_DYNAMIC_NO_PIC = NO;
				GCC_GENERATE_DEBUGGING_SYMBOLS = YES;
				GCC_MODEL_TUNING = G4;
				GCC_OPTIMIZATION_LEVEL = 0;
				INFOPLIST_FILE = "MHK QT Player-Info.plist";
				INSTALL_PATH = "$(USER_APPS_DIR)";
				MACOSX_DEPLOYMENT_TARGET = 10.4;
				PREBINDING = NO;
				PRODUCT_NAME = "MHK QT Player";
				ZERO_LINK = NO;
			};
			name = Debug;
		};
		31777F560862747300269E60 /* Release */ = {
			isa = XCBuildConfiguration;
			buildSettings = {
				ARCHS = (
					ppc,
					i386,
				);
				COPY_PHASE_STRIP = YES;
				GCC_ENABLE_FIX_AND_CONTINUE = NO;
				GCC_MODEL_TUNING = G4;
				INFOPLIST_FILE = "MHK QT Player-Info.plist";
				INSTALL_PATH = "$(USER_APPS_DIR)";
				MACOSX_DEPLOYMENT_TARGET = 10.4;
				PREBINDING = NO;
				PRODUCT_NAME = "MHK QT Player";
				ZERO_LINK = NO;
			};
			name = Release;
		};
		31777F590862747300269E60 /* Debug */ = {
			isa = XCBuildConfiguration;
			baseConfigurationReference = 31B78E210C88DC3500227E0F /* DebugRelease.xcconfig */;
			buildSettings = {
				ARCHS = "$(ARCHS_STANDARD_32_BIT)";
				GCC_GENERATE_DEBUGGING_SYMBOLS = YES;
				GCC_OPTIMIZATION_LEVEL = 0;
				GCC_PREPROCESSOR_DEFINITIONS = (
					CoreAudio_StopOnFailure,
					"DEBUG=1",
				);
				ONLY_ACTIVE_ARCH = YES;
				STRIP_INSTALLED_PRODUCT = NO;
			};
			name = Debug;
		};
		31777F5A0862747300269E60 /* Release */ = {
			isa = XCBuildConfiguration;
			baseConfigurationReference = 31B78E210C88DC3500227E0F /* DebugRelease.xcconfig */;
			buildSettings = {
				ARCHS = "$(ARCHS_STANDARD_32_BIT)";
				DEBUG_INFORMATION_FORMAT = "dwarf-with-dsym";
				DEPLOYMENT_POSTPROCESSING = YES;
				GCC_GENERATE_DEBUGGING_SYMBOLS = YES;
				STRIP_INSTALLED_PRODUCT = YES;
			};
			name = Release;
		};
		317A340609E9D8C3008E2459 /* Debug */ = {
			isa = XCBuildConfiguration;
			buildSettings = {
				COPY_PHASE_STRIP = NO;
				GCC_DYNAMIC_NO_PIC = NO;
				GCC_ENABLE_FIX_AND_CONTINUE = YES;
				GCC_GENERATE_DEBUGGING_SYMBOLS = YES;
				GCC_MODEL_TUNING = G5;
				GCC_OPTIMIZATION_LEVEL = 0;
				INSTALL_PATH = "$(HOME)/bin";
				PREBINDING = NO;
				PRODUCT_NAME = mhk_mp2_analyse;
				ZERO_LINK = NO;
			};
			name = Debug;
		};
		317A340809E9D8C3008E2459 /* Release */ = {
			isa = XCBuildConfiguration;
			buildSettings = {
				COPY_PHASE_STRIP = YES;
				GCC_ENABLE_FIX_AND_CONTINUE = NO;
				GCC_GENERATE_DEBUGGING_SYMBOLS = NO;
				GCC_MODEL_TUNING = G5;
				INSTALL_PATH = "$(HOME)/bin";
				PREBINDING = NO;
				PRODUCT_NAME = mhk_mp2_analyse;
				ZERO_LINK = NO;
			};
			name = Release;
		};
		3197D59208BD8BAF00865430 /* Debug */ = {
			isa = XCBuildConfiguration;
			buildSettings = {
				COPY_PHASE_STRIP = NO;
				GCC_GENERATE_DEBUGGING_SYMBOLS = YES;
				GCC_MODEL_TUNING = G5;
				INSTALL_PATH = /usr/local/bin;
				PREBINDING = NO;
				PRODUCT_NAME = mhk_ls;
				SECTORDER_FLAGS = "";
			};
			name = Debug;
		};
		3197D59308BD8BAF00865430 /* Release */ = {
			isa = XCBuildConfiguration;
			buildSettings = {
				COPY_PHASE_STRIP = YES;
				GCC_GENERATE_DEBUGGING_SYMBOLS = NO;
				GCC_MODEL_TUNING = G5;
				INSTALL_PATH = /usr/local/bin;
				PREBINDING = NO;
				PRODUCT_NAME = mhk_ls;
				SECTORDER_FLAGS = "";
			};
			name = Release;
		};
/* End XCBuildConfiguration section */

/* Begin XCConfigurationList section */
		31423BC508660CF600E2309B /* Build configuration list for PBXNativeTarget "mhk_dump" */ = {
			isa = XCConfigurationList;
			buildConfigurations = (
				31423BC608660CF600E2309B /* Debug */,
				3102E1400A92543400FCEAAA /* Debug_u */,
				31423BC708660CF600E2309B /* Release */,
			);
			defaultConfigurationIsVisible = 0;
			defaultConfigurationName = Debug;
		};
		31777F4C0862747300269E60 /* Build configuration list for PBXNativeTarget "MHKKit" */ = {
			isa = XCConfigurationList;
			buildConfigurations = (
				31777F4D0862747300269E60 /* Debug */,
				3102E13E0A92543400FCEAAA /* Debug_u */,
				31777F4E0862747300269E60 /* Release */,
			);
			defaultConfigurationIsVisible = 0;
			defaultConfigurationName = Debug;
		};
		31777F540862747300269E60 /* Build configuration list for PBXNativeTarget "MHK QT Player" */ = {
			isa = XCConfigurationList;
			buildConfigurations = (
				31777F550862747300269E60 /* Debug */,
				3102E13F0A92543400FCEAAA /* Debug_u */,
				31777F560862747300269E60 /* Release */,
			);
			defaultConfigurationIsVisible = 0;
			defaultConfigurationName = Debug;
		};
		31777F580862747300269E60 /* Build configuration list for PBXProject "MHKKit" */ = {
			isa = XCConfigurationList;
			buildConfigurations = (
				31777F590862747300269E60 /* Debug */,
				3102E1430A92543400FCEAAA /* Debug_u */,
				31777F5A0862747300269E60 /* Release */,
			);
			defaultConfigurationIsVisible = 0;
			defaultConfigurationName = Debug;
		};
		317A340509E9D8C3008E2459 /* Build configuration list for PBXNativeTarget "mhk_mp2_analyse" */ = {
			isa = XCConfigurationList;
			buildConfigurations = (
				317A340609E9D8C3008E2459 /* Debug */,
				3102E1420A92543400FCEAAA /* Debug_u */,
				317A340809E9D8C3008E2459 /* Release */,
			);
			defaultConfigurationIsVisible = 0;
			defaultConfigurationName = Debug;
		};
		3197D59108BD8BAF00865430 /* Build configuration list for PBXNativeTarget "mhk_ls" */ = {
			isa = XCConfigurationList;
			buildConfigurations = (
				3197D59208BD8BAF00865430 /* Debug */,
				3102E1410A92543400FCEAAA /* Debug_u */,
				3197D59308BD8BAF00865430 /* Release */,
			);
			defaultConfigurationIsVisible = 0;
			defaultConfigurationName = Debug;
		};
/* End XCConfigurationList section */
	};
	rootObject = 0867D690FE84028FC02AAC07 /* Project object */;
}
